// !$*UTF8*$!
{
	archiveVersion = 1;
	classes = {
	};
	objectVersion = 55;
	objects = {

/* Begin PBXBuildFile section */
		5500E7CB273FA8EB00099274 /* CheckMyMobileSaltApp.swift in Sources */ = {isa = PBXBuildFile; fileRef = 5500E7CA273FA8EB00099274 /* CheckMyMobileSaltApp.swift */; };
		5500E7CD273FA8EB00099274 /* ContentView.swift in Sources */ = {isa = PBXBuildFile; fileRef = 5500E7CC273FA8EB00099274 /* ContentView.swift */; };
		5500E7CF273FA8EF00099274 /* Assets.xcassets in Resources */ = {isa = PBXBuildFile; fileRef = 5500E7CE273FA8EF00099274 /* Assets.xcassets */; };
		5500E7D2273FA8EF00099274 /* Preview Assets.xcassets in Resources */ = {isa = PBXBuildFile; fileRef = 5500E7D1273FA8EF00099274 /* Preview Assets.xcassets */; };
		5500E7F8273FDFBA00099274 /* Constants.swift in Sources */ = {isa = PBXBuildFile; fileRef = 5500E7F7273FDFBA00099274 /* Constants.swift */; };
		5500E7FB273FEC8800099274 /* MobileSaltView.swift in Sources */ = {isa = PBXBuildFile; fileRef = 5500E7FA273FEC8800099274 /* MobileSaltView.swift */; };
		5500E7FE273FEE2A00099274 /* MobileSaltListView.swift in Sources */ = {isa = PBXBuildFile; fileRef = 5500E7FD273FEE2A00099274 /* MobileSaltListView.swift */; };
		5500E802273FEE5C00099274 /* libMobileGestalt.tbd in Frameworks */ = {isa = PBXBuildFile; fileRef = 5500E801273FEE5300099274 /* libMobileGestalt.tbd */; };
		5575DB7C2741DCFB00A39B3F /* Makefile in Sources */ = {isa = PBXBuildFile; fileRef = 5575DB7B2741DCFB00A39B3F /* Makefile */; };
		5575DB7E2741DD9E00A39B3F /* entitlements.xml in Resources */ = {isa = PBXBuildFile; fileRef = 5575DB7D2741DD9E00A39B3F /* entitlements.xml */; };
		5575DB802741DF2100A39B3F /* control in Resources */ = {isa = PBXBuildFile; fileRef = 5575DB7F2741DF2100A39B3F /* control */; };
		5575DB822741E6BF00A39B3F /* AboutView.swift in Sources */ = {isa = PBXBuildFile; fileRef = 5575DB812741E6BF00A39B3F /* AboutView.swift */; };
/* End PBXBuildFile section */

/* Begin PBXFileReference section */
		5500E7C7273FA8EB00099274 /* CheckMyMobileSalt.app */ = {isa = PBXFileReference; explicitFileType = wrapper.application; includeInIndex = 0; path = CheckMyMobileSalt.app; sourceTree = BUILT_PRODUCTS_DIR; };
		5500E7CA273FA8EB00099274 /* CheckMyMobileSaltApp.swift */ = {isa = PBXFileReference; lastKnownFileType = sourcecode.swift; path = CheckMyMobileSaltApp.swift; sourceTree = "<group>"; };
		5500E7CC273FA8EB00099274 /* ContentView.swift */ = {isa = PBXFileReference; lastKnownFileType = sourcecode.swift; path = ContentView.swift; sourceTree = "<group>"; };
		5500E7CE273FA8EF00099274 /* Assets.xcassets */ = {isa = PBXFileReference; lastKnownFileType = folder.assetcatalog; path = Assets.xcassets; sourceTree = "<group>"; };
		5500E7D1273FA8EF00099274 /* Preview Assets.xcassets */ = {isa = PBXFileReference; lastKnownFileType = folder.assetcatalog; path = "Preview Assets.xcassets"; sourceTree = "<group>"; };
		5500E7F4273FDE8B00099274 /* CheckMyMobileSalt-Bridging-Header.h */ = {isa = PBXFileReference; lastKnownFileType = sourcecode.c.h; path = "CheckMyMobileSalt-Bridging-Header.h"; sourceTree = "<group>"; };
		5500E7F7273FDFBA00099274 /* Constants.swift */ = {isa = PBXFileReference; lastKnownFileType = sourcecode.swift; path = Constants.swift; sourceTree = "<group>"; };
		5500E7FA273FEC8800099274 /* MobileSaltView.swift */ = {isa = PBXFileReference; lastKnownFileType = sourcecode.swift; path = MobileSaltView.swift; sourceTree = "<group>"; };
		5500E7FD273FEE2A00099274 /* MobileSaltListView.swift */ = {isa = PBXFileReference; lastKnownFileType = sourcecode.swift; path = MobileSaltListView.swift; sourceTree = "<group>"; };
		5500E7FF273FEE4400099274 /* Info.plist */ = {isa = PBXFileReference; lastKnownFileType = text.plist; path = Info.plist; sourceTree = "<group>"; };
		5500E801273FEE5300099274 /* libMobileGestalt.tbd */ = {isa = PBXFileReference; lastKnownFileType = "sourcecode.text-based-dylib-definition"; name = libMobileGestalt.tbd; path = usr/lib/libMobileGestalt.tbd; sourceTree = SDKROOT; };
		5500E805273FEF5500099274 /* MobileGestalt.h */ = {isa = PBXFileReference; lastKnownFileType = sourcecode.c.h; path = MobileGestalt.h; sourceTree = "<group>"; };
		5575DB7B2741DCFB00A39B3F /* Makefile */ = {isa = PBXFileReference; lastKnownFileType = sourcecode.make; path = Makefile; sourceTree = "<group>"; };
		5575DB7D2741DD9E00A39B3F /* entitlements.xml */ = {isa = PBXFileReference; lastKnownFileType = text.xml; path = entitlements.xml; sourceTree = "<group>"; };
		5575DB7F2741DF2100A39B3F /* control */ = {isa = PBXFileReference; lastKnownFileType = text; path = control; sourceTree = "<group>"; };
		5575DB812741E6BF00A39B3F /* AboutView.swift */ = {isa = PBXFileReference; lastKnownFileType = sourcecode.swift; path = AboutView.swift; sourceTree = "<group>"; };
		5575DB832741FF4C00A39B3F /* README.md */ = {isa = PBXFileReference; lastKnownFileType = net.daringfireball.markdown; path = README.md; sourceTree = "<group>"; };
/* End PBXFileReference section */

/* Begin PBXFrameworksBuildPhase section */
		5500E7C4273FA8EB00099274 /* Frameworks */ = {
			isa = PBXFrameworksBuildPhase;
			buildActionMask = 2147483647;
			files = (
				5500E802273FEE5C00099274 /* libMobileGestalt.tbd in Frameworks */,
			);
			runOnlyForDeploymentPostprocessing = 0;
		};
/* End PBXFrameworksBuildPhase section */

/* Begin PBXGroup section */
		5500E7BE273FA8EB00099274 = {
			isa = PBXGroup;
			children = (
				5575DB832741FF4C00A39B3F /* README.md */,
				5575DB7F2741DF2100A39B3F /* control */,
				5575DB7D2741DD9E00A39B3F /* entitlements.xml */,
				5575DB7B2741DCFB00A39B3F /* Makefile */,
				5500E7C9273FA8EB00099274 /* CheckMyMobileSalt */,
				5500E7C8273FA8EB00099274 /* Products */,
				5500E800273FEE5200099274 /* Frameworks */,
			);
			sourceTree = "<group>";
		};
		5500E7C8273FA8EB00099274 /* Products */ = {
			isa = PBXGroup;
			children = (
				5500E7C7273FA8EB00099274 /* CheckMyMobileSalt.app */,
			);
			name = Products;
			sourceTree = "<group>";
		};
		5500E7C9273FA8EB00099274 /* CheckMyMobileSalt */ = {
			isa = PBXGroup;
			children = (
				5500E804273FEF4200099274 /* Headers */,
				5500E7FF273FEE4400099274 /* Info.plist */,
				5500E7FC273FEDCF00099274 /* Components */,
				5500E7F9273FE23500099274 /* Views */,
				5500E7CA273FA8EB00099274 /* CheckMyMobileSaltApp.swift */,
				5500E7CC273FA8EB00099274 /* ContentView.swift */,
				5500E7CE273FA8EF00099274 /* Assets.xcassets */,
				5500E7D0273FA8EF00099274 /* Preview Content */,
				5500E7F4273FDE8B00099274 /* CheckMyMobileSalt-Bridging-Header.h */,
				5500E7F7273FDFBA00099274 /* Constants.swift */,
			);
			path = CheckMyMobileSalt;
			sourceTree = "<group>";
		};
		5500E7D0273FA8EF00099274 /* Preview Content */ = {
			isa = PBXGroup;
			children = (
				5500E7D1273FA8EF00099274 /* Preview Assets.xcassets */,
			);
			path = "Preview Content";
			sourceTree = "<group>";
		};
		5500E7F9273FE23500099274 /* Views */ = {
			isa = PBXGroup;
			children = (
				5500E7FA273FEC8800099274 /* MobileSaltView.swift */,
				5575DB812741E6BF00A39B3F /* AboutView.swift */,
			);
			path = Views;
			sourceTree = "<group>";
		};
		5500E7FC273FEDCF00099274 /* Components */ = {
			isa = PBXGroup;
			children = (
				5500E7FD273FEE2A00099274 /* MobileSaltListView.swift */,
			);
			path = Components;
			sourceTree = "<group>";
		};
		5500E800273FEE5200099274 /* Frameworks */ = {
			isa = PBXGroup;
			children = (
				5500E801273FEE5300099274 /* libMobileGestalt.tbd */,
			);
			name = Frameworks;
			sourceTree = "<group>";
		};
		5500E804273FEF4200099274 /* Headers */ = {
			isa = PBXGroup;
			children = (
				5500E805273FEF5500099274 /* MobileGestalt.h */,
			);
			path = Headers;
			sourceTree = "<group>";
		};
/* End PBXGroup section */

/* Begin PBXNativeTarget section */
		5500E7C6273FA8EB00099274 /* CheckMyMobileSalt */ = {
			isa = PBXNativeTarget;
			buildConfigurationList = 5500E7EB273FA8EF00099274 /* Build configuration list for PBXNativeTarget "CheckMyMobileSalt" */;
			buildPhases = (
				5500E7C3273FA8EB00099274 /* Sources */,
				5500E7C4273FA8EB00099274 /* Frameworks */,
				5500E7C5273FA8EB00099274 /* Resources */,
				5575DB84274205BE00A39B3F /* Increase Build Number */,
			);
			buildRules = (
			);
			dependencies = (
			);
			name = CheckMyMobileSalt;
			productName = CheckMyMobileSalt;
			productReference = 5500E7C7273FA8EB00099274 /* CheckMyMobileSalt.app */;
			productType = "com.apple.product-type.application";
		};
/* End PBXNativeTarget section */

/* Begin PBXProject section */
		5500E7BF273FA8EB00099274 /* Project object */ = {
			isa = PBXProject;
			attributes = {
				BuildIndependentTargetsInParallel = 1;
				LastSwiftUpdateCheck = 1310;
				LastUpgradeCheck = 1310;
				TargetAttributes = {
					5500E7C6273FA8EB00099274 = {
						CreatedOnToolsVersion = 13.1;
						LastSwiftMigration = 1310;
					};
				};
			};
			buildConfigurationList = 5500E7C2273FA8EB00099274 /* Build configuration list for PBXProject "CheckMyMobileSalt" */;
			compatibilityVersion = "Xcode 13.0";
			developmentRegion = en;
			hasScannedForEncodings = 0;
			knownRegions = (
				en,
				Base,
			);
			mainGroup = 5500E7BE273FA8EB00099274;
			productRefGroup = 5500E7C8273FA8EB00099274 /* Products */;
			projectDirPath = "";
			projectRoot = "";
			targets = (
				5500E7C6273FA8EB00099274 /* CheckMyMobileSalt */,
			);
		};
/* End PBXProject section */

/* Begin PBXResourcesBuildPhase section */
		5500E7C5273FA8EB00099274 /* Resources */ = {
			isa = PBXResourcesBuildPhase;
			buildActionMask = 2147483647;
			files = (
				5575DB802741DF2100A39B3F /* control in Resources */,
				5575DB7E2741DD9E00A39B3F /* entitlements.xml in Resources */,
				5500E7D2273FA8EF00099274 /* Preview Assets.xcassets in Resources */,
				5500E7CF273FA8EF00099274 /* Assets.xcassets in Resources */,
			);
			runOnlyForDeploymentPostprocessing = 0;
		};
/* End PBXResourcesBuildPhase section */

/* Begin PBXShellScriptBuildPhase section */
		5575DB84274205BE00A39B3F /* Increase Build Number */ = {
			isa = PBXShellScriptBuildPhase;
			buildActionMask = 2147483647;
			files = (
			);
			inputFileListPaths = (
			);
			inputPaths = (
			);
			name = "Increase Build Number";
			outputFileListPaths = (
			);
			outputPaths = (
			);
			runOnlyForDeploymentPostprocessing = 0;
			shellPath = /bin/sh;
			shellScript = "buildNumber=$(/usr/libexec/PlistBuddy -c \"Print CFBundleVersion\" \"${PROJECT_DIR}/${INFOPLIST_FILE}\")\nbuildNumber=$(($buildNumber + 1))\n/usr/libexec/PlistBuddy -c \"Set :CFBundleVersion $buildNumber\" \"${PROJECT_DIR}/${INFOPLIST_FILE}\"\n";
		};
/* End PBXShellScriptBuildPhase section */

/* Begin PBXSourcesBuildPhase section */
		5500E7C3273FA8EB00099274 /* Sources */ = {
			isa = PBXSourcesBuildPhase;
			buildActionMask = 2147483647;
			files = (
				5575DB7C2741DCFB00A39B3F /* Makefile in Sources */,
				5575DB822741E6BF00A39B3F /* AboutView.swift in Sources */,
				5500E7CD273FA8EB00099274 /* ContentView.swift in Sources */,
				5500E7CB273FA8EB00099274 /* CheckMyMobileSaltApp.swift in Sources */,
				5500E7FE273FEE2A00099274 /* MobileSaltListView.swift in Sources */,
				5500E7F8273FDFBA00099274 /* Constants.swift in Sources */,
				5500E7FB273FEC8800099274 /* MobileSaltView.swift in Sources */,
			);
			runOnlyForDeploymentPostprocessing = 0;
		};
/* End PBXSourcesBuildPhase section */

/* Begin XCBuildConfiguration section */
		5500E7E9273FA8EF00099274 /* Debug */ = {
			isa = XCBuildConfiguration;
			buildSettings = {
				ALWAYS_SEARCH_USER_PATHS = NO;
				CLANG_ANALYZER_NONNULL = YES;
				CLANG_ANALYZER_NUMBER_OBJECT_CONVERSION = YES_AGGRESSIVE;
				CLANG_CXX_LANGUAGE_STANDARD = "gnu++17";
				CLANG_CXX_LIBRARY = "libc++";
				CLANG_ENABLE_MODULES = YES;
				CLANG_ENABLE_OBJC_ARC = YES;
				CLANG_ENABLE_OBJC_WEAK = YES;
				CLANG_WARN_BLOCK_CAPTURE_AUTORELEASING = YES;
				CLANG_WARN_BOOL_CONVERSION = YES;
				CLANG_WARN_COMMA = YES;
				CLANG_WARN_CONSTANT_CONVERSION = YES;
				CLANG_WARN_DEPRECATED_OBJC_IMPLEMENTATIONS = YES;
				CLANG_WARN_DIRECT_OBJC_ISA_USAGE = YES_ERROR;
				CLANG_WARN_DOCUMENTATION_COMMENTS = YES;
				CLANG_WARN_EMPTY_BODY = YES;
				CLANG_WARN_ENUM_CONVERSION = YES;
				CLANG_WARN_INFINITE_RECURSION = YES;
				CLANG_WARN_INT_CONVERSION = YES;
				CLANG_WARN_NON_LITERAL_NULL_CONVERSION = YES;
				CLANG_WARN_OBJC_IMPLICIT_RETAIN_SELF = YES;
				CLANG_WARN_OBJC_LITERAL_CONVERSION = YES;
				CLANG_WARN_OBJC_ROOT_CLASS = YES_ERROR;
				CLANG_WARN_QUOTED_INCLUDE_IN_FRAMEWORK_HEADER = YES;
				CLANG_WARN_RANGE_LOOP_ANALYSIS = YES;
				CLANG_WARN_STRICT_PROTOTYPES = YES;
				CLANG_WARN_SUSPICIOUS_MOVE = YES;
				CLANG_WARN_UNGUARDED_AVAILABILITY = YES_AGGRESSIVE;
				CLANG_WARN_UNREACHABLE_CODE = YES;
				CLANG_WARN__DUPLICATE_METHOD_MATCH = YES;
				COPY_PHASE_STRIP = NO;
				DEBUG_INFORMATION_FORMAT = dwarf;
				ENABLE_STRICT_OBJC_MSGSEND = YES;
				ENABLE_TESTABILITY = YES;
				GCC_C_LANGUAGE_STANDARD = gnu11;
				GCC_DYNAMIC_NO_PIC = NO;
				GCC_NO_COMMON_BLOCKS = YES;
				GCC_OPTIMIZATION_LEVEL = 0;
				GCC_PREPROCESSOR_DEFINITIONS = (
					"DEBUG=1",
					"$(inherited)",
				);
				GCC_WARN_64_TO_32_BIT_CONVERSION = YES;
				GCC_WARN_ABOUT_RETURN_TYPE = YES_ERROR;
				GCC_WARN_UNDECLARED_SELECTOR = YES;
				GCC_WARN_UNINITIALIZED_AUTOS = YES_AGGRESSIVE;
				GCC_WARN_UNUSED_FUNCTION = YES;
				GCC_WARN_UNUSED_VARIABLE = YES;
				IPHONEOS_DEPLOYMENT_TARGET = 15.0;
				MTL_ENABLE_DEBUG_INFO = INCLUDE_SOURCE;
				MTL_FAST_MATH = YES;
				ONLY_ACTIVE_ARCH = YES;
				SDKROOT = iphoneos;
				SWIFT_ACTIVE_COMPILATION_CONDITIONS = DEBUG;
				SWIFT_OPTIMIZATION_LEVEL = "-Onone";
			};
			name = Debug;
		};
		5500E7EA273FA8EF00099274 /* Release */ = {
			isa = XCBuildConfiguration;
			buildSettings = {
				ALWAYS_SEARCH_USER_PATHS = NO;
				CLANG_ANALYZER_NONNULL = YES;
				CLANG_ANALYZER_NUMBER_OBJECT_CONVERSION = YES_AGGRESSIVE;
				CLANG_CXX_LANGUAGE_STANDARD = "gnu++17";
				CLANG_CXX_LIBRARY = "libc++";
				CLANG_ENABLE_MODULES = YES;
				CLANG_ENABLE_OBJC_ARC = YES;
				CLANG_ENABLE_OBJC_WEAK = YES;
				CLANG_WARN_BLOCK_CAPTURE_AUTORELEASING = YES;
				CLANG_WARN_BOOL_CONVERSION = YES;
				CLANG_WARN_COMMA = YES;
				CLANG_WARN_CONSTANT_CONVERSION = YES;
				CLANG_WARN_DEPRECATED_OBJC_IMPLEMENTATIONS = YES;
				CLANG_WARN_DIRECT_OBJC_ISA_USAGE = YES_ERROR;
				CLANG_WARN_DOCUMENTATION_COMMENTS = YES;
				CLANG_WARN_EMPTY_BODY = YES;
				CLANG_WARN_ENUM_CONVERSION = YES;
				CLANG_WARN_INFINITE_RECURSION = YES;
				CLANG_WARN_INT_CONVERSION = YES;
				CLANG_WARN_NON_LITERAL_NULL_CONVERSION = YES;
				CLANG_WARN_OBJC_IMPLICIT_RETAIN_SELF = YES;
				CLANG_WARN_OBJC_LITERAL_CONVERSION = YES;
				CLANG_WARN_OBJC_ROOT_CLASS = YES_ERROR;
				CLANG_WARN_QUOTED_INCLUDE_IN_FRAMEWORK_HEADER = YES;
				CLANG_WARN_RANGE_LOOP_ANALYSIS = YES;
				CLANG_WARN_STRICT_PROTOTYPES = YES;
				CLANG_WARN_SUSPICIOUS_MOVE = YES;
				CLANG_WARN_UNGUARDED_AVAILABILITY = YES_AGGRESSIVE;
				CLANG_WARN_UNREACHABLE_CODE = YES;
				CLANG_WARN__DUPLICATE_METHOD_MATCH = YES;
				COPY_PHASE_STRIP = NO;
				DEBUG_INFORMATION_FORMAT = "dwarf-with-dsym";
				ENABLE_NS_ASSERTIONS = NO;
				ENABLE_STRICT_OBJC_MSGSEND = YES;
				GCC_C_LANGUAGE_STANDARD = gnu11;
				GCC_NO_COMMON_BLOCKS = YES;
				GCC_WARN_64_TO_32_BIT_CONVERSION = YES;
				GCC_WARN_ABOUT_RETURN_TYPE = YES_ERROR;
				GCC_WARN_UNDECLARED_SELECTOR = YES;
				GCC_WARN_UNINITIALIZED_AUTOS = YES_AGGRESSIVE;
				GCC_WARN_UNUSED_FUNCTION = YES;
				GCC_WARN_UNUSED_VARIABLE = YES;
				IPHONEOS_DEPLOYMENT_TARGET = 15.0;
				MTL_ENABLE_DEBUG_INFO = NO;
				MTL_FAST_MATH = YES;
				SDKROOT = iphoneos;
				SWIFT_COMPILATION_MODE = wholemodule;
				SWIFT_OPTIMIZATION_LEVEL = "-O";
				VALIDATE_PRODUCT = YES;
			};
			name = Release;
		};
		5500E7EC273FA8EF00099274 /* Debug */ = {
			isa = XCBuildConfiguration;
			buildSettings = {
				ASSETCATALOG_COMPILER_APPICON_NAME = AppIcon;
				ASSETCATALOG_COMPILER_GLOBAL_ACCENT_COLOR_NAME = AccentColor;
				CLANG_ENABLE_MODULES = YES;
				CODE_SIGN_STYLE = Automatic;
				CURRENT_PROJECT_VERSION = 1;
				DEVELOPMENT_ASSET_PATHS = "\"CheckMyMobileSalt/Preview Content\"";
				DEVELOPMENT_TEAM = 32Z9KZZ4PU;
				ENABLE_PREVIEWS = YES;
				GENERATE_INFOPLIST_FILE = YES;
				INFOPLIST_FILE = CheckMyMobileSalt/Info.plist;
				INFOPLIST_KEY_CFBundleDisplayName = CMMS;
				INFOPLIST_KEY_UIApplicationSceneManifest_Generation = YES;
				INFOPLIST_KEY_UIApplicationSupportsIndirectInputEvents = YES;
				INFOPLIST_KEY_UILaunchScreen_Generation = YES;
				INFOPLIST_KEY_UISupportedInterfaceOrientations_iPad = "UIInterfaceOrientationPortrait UIInterfaceOrientationPortraitUpsideDown UIInterfaceOrientationLandscapeLeft UIInterfaceOrientationLandscapeRight";
				INFOPLIST_KEY_UISupportedInterfaceOrientations_iPhone = "UIInterfaceOrientationPortrait UIInterfaceOrientationLandscapeLeft UIInterfaceOrientationLandscapeRight";
				IPHONEOS_DEPLOYMENT_TARGET = 14.0;
				LD_RUNPATH_SEARCH_PATHS = (
					"$(inherited)",
					"@executable_path/Frameworks",
				);
				MARKETING_VERSION = 1.0.0;
				PRODUCT_BUNDLE_IDENTIFIER = "xyz.helloyunho.check-my-mobile-salt";
				PRODUCT_NAME = "$(TARGET_NAME)";
				SWIFT_EMIT_LOC_STRINGS = YES;
				SWIFT_OBJC_BRIDGING_HEADER = "CheckMyMobileSalt/CheckMyMobileSalt-Bridging-Header.h";
				SWIFT_OPTIMIZATION_LEVEL = "-Onone";
				SWIFT_VERSION = 5.0;
				TARGETED_DEVICE_FAMILY = "1,2";
			};
			name = Debug;
		};
		5500E7ED273FA8EF00099274 /* Release */ = {
			isa = XCBuildConfiguration;
			buildSettings = {
				ASSETCATALOG_COMPILER_APPICON_NAME = AppIcon;
				ASSETCATALOG_COMPILER_GLOBAL_ACCENT_COLOR_NAME = AccentColor;
				CLANG_ENABLE_MODULES = YES;
				CODE_SIGN_STYLE = Automatic;
				CURRENT_PROJECT_VERSION = 1;
				DEVELOPMENT_ASSET_PATHS = "\"CheckMyMobileSalt/Preview Content\"";
				DEVELOPMENT_TEAM = 32Z9KZZ4PU;
				ENABLE_PREVIEWS = YES;
				GENERATE_INFOPLIST_FILE = YES;
				INFOPLIST_FILE = CheckMyMobileSalt/Info.plist;
				INFOPLIST_KEY_CFBundleDisplayName = CMMS;
				INFOPLIST_KEY_UIApplicationSceneManifest_Generation = YES;
				INFOPLIST_KEY_UIApplicationSupportsIndirectInputEvents = YES;
				INFOPLIST_KEY_UILaunchScreen_Generation = YES;
				INFOPLIST_KEY_UISupportedInterfaceOrientations_iPad = "UIInterfaceOrientationPortrait UIInterfaceOrientationPortraitUpsideDown UIInterfaceOrientationLandscapeLeft UIInterfaceOrientationLandscapeRight";
				INFOPLIST_KEY_UISupportedInterfaceOrientations_iPhone = "UIInterfaceOrientationPortrait UIInterfaceOrientationLandscapeLeft UIInterfaceOrientationLandscapeRight";
				IPHONEOS_DEPLOYMENT_TARGET = 14.0;
				LD_RUNPATH_SEARCH_PATHS = (
					"$(inherited)",
					"@executable_path/Frameworks",
				);
				MARKETING_VERSION = 1.0.0;
				PRODUCT_BUNDLE_IDENTIFIER = "xyz.helloyunho.check-my-mobile-salt";
				PRODUCT_NAME = "$(TARGET_NAME)";
				SWIFT_EMIT_LOC_STRINGS = YES;
				SWIFT_OBJC_BRIDGING_HEADER = "CheckMyMobileSalt/CheckMyMobileSalt-Bridging-Header.h";
				SWIFT_VERSION = 5.0;
				TARGETED_DEVICE_FAMILY = "1,2";
			};
			name = Release;
		};
/* End XCBuildConfiguration section */

/* Begin XCConfigurationList section */
		5500E7C2273FA8EB00099274 /* Build configuration list for PBXProject "CheckMyMobileSalt" */ = {
			isa = XCConfigurationList;
			buildConfigurations = (
				5500E7E9273FA8EF00099274 /* Debug */,
				5500E7EA273FA8EF00099274 /* Release */,
			);
			defaultConfigurationIsVisible = 0;
			defaultConfigurationName = Release;
		};
		5500E7EB273FA8EF00099274 /* Build configuration list for PBXNativeTarget "CheckMyMobileSalt" */ = {
			isa = XCConfigurationList;
			buildConfigurations = (
				5500E7EC273FA8EF00099274 /* Debug */,
				5500E7ED273FA8EF00099274 /* Release */,
			);
			defaultConfigurationIsVisible = 0;
			defaultConfigurationName = Release;
		};
/* End XCConfigurationList section */
	};
	rootObject = 5500E7BF273FA8EB00099274 /* Project object */;
}
